
Microsoft Visual Studio Solution File, Format Version 12.00
# Visual Studio Version 17
VisualStudioVersion = 17.3.32825.248
MinimumVisualStudioVersion = 10.0.40219.1
Project("{FAE04EC0-301F-11D3-BF4B-00C04F79EFBC}") = "Week5LogicalOperators", "Week5LogicalOperators\Week5LogicalOperators.csproj", "{CFF3EAAA-BCC4-4E0D-B939-3F64FB3689A8}"
EndProject
Project("{FAE04EC0-301F-11D3-BF4B-00C04F79EFBC}") = "ANDOperator", "ANDOperator\ANDOperator.csproj", "{E69F7FF6-2DDC-40CC-9EBB-1683102AA591}"
EndProject
Project("{FAE04EC0-301F-11D3-BF4B-00C04F79EFBC}") = "OROperation", "OROperation\OROperation.csproj", "{FA28EE9F-C891-43D5-B8C3-76BE6DAFE224}"
EndProject
Project("{FAE04EC0-301F-11D3-BF4B-00C04F79EFBC}") = "ANDRanges", "ANDRanges\ANDRanges.csproj", "{8FCFFD9B-8E70-4D13-A9A9-03A3142386C2}"
EndProject
Global
	GlobalSection(SolutionConfigurationPlatforms) = preSolution
		Debug|Any CPU = Debug|Any CPU
		Release|Any CPU = Release|Any CPU
	EndGlobalSection
	GlobalSection(ProjectConfigurationPlatforms) = postSolution
		{CFF3EAAA-BCC4-4E0D-B939-3F64FB3689A8}.Debug|Any CPU.ActiveCfg = Debug|Any CPU
		{CFF3EAAA-BCC4-4E0D-B939-3F64FB3689A8}.Debug|Any CPU.Build.0 = Debug|Any CPU
		{CFF3EAAA-BCC4-4E0D-B939-3F64FB3689A8}.Release|Any CPU.ActiveCfg = Release|Any CPU
		{CFF3EAAA-BCC4-4E0D-B939-3F64FB3689A8}.Release|Any CPU.Build.0 = Release|Any CPU
		{E69F7FF6-2DDC-40CC-9EBB-1683102AA591}.Debug|Any CPU.ActiveCfg = Debug|Any CPU
		{E69F7FF6-2DDC-40CC-9EBB-1683102AA591}.Debug|Any CPU.Build.0 = Debug|Any CPU
		{E69F7FF6-2DDC-40CC-9EBB-1683102AA591}.Release|Any CPU.ActiveCfg = Release|Any CPU
		{E69F7FF6-2DDC-40CC-9EBB-1683102AA591}.Release|Any CPU.Build.0 = Release|Any CPU
		{FA28EE9F-C891-43D5-B8C3-76BE6DAFE224}.Debug|Any CPU.ActiveCfg = Debug|Any CPU
		{FA28EE9F-C891-43D5-B8C3-76BE6DAFE224}.Debug|Any CPU.Build.0 = Debug|Any CPU
		{FA28EE9F-C891-43D5-B8C3-76BE6DAFE224}.Release|Any CPU.ActiveCfg = Release|Any CPU
		{FA28EE9F-C891-43D5-B8C3-76BE6DAFE224}.Release|Any CPU.Build.0 = Release|Any CPU
		{8FCFFD9B-8E70-4D13-A9A9-03A3142386C2}.Debug|Any CPU.ActiveCfg = Debug|Any CPU
		{8FCFFD9B-8E70-4D13-A9A9-03A3142386C2}.Debug|Any CPU.Build.0 = Debug|Any CPU
		{8FCFFD9B-8E70-4D13-A9A9-03A3142386C2}.Release|Any CPU.ActiveCfg = Release|Any CPU
		{8FCFFD9B-8E70-4D13-A9A9-03A3142386C2}.Release|Any CPU.Build.0 = Release|Any CPU
	EndGlobalSection
	GlobalSection(SolutionProperties) = preSolution
		HideSolutionNode = FALSE
	EndGlobalSection
	GlobalSection(ExtensibilityGlobals) = postSolution
		SolutionGuid = {DF1EF841-7C37-4163-BADD-D5C0B7B9F048}
	EndGlobalSection
EndGlobal
